
Microsoft Visual Studio Solution File, Format Version 12.00
# Visual Studio Express 2012 for Windows Desktop
Project("{FAE04EC0-301F-11D3-BF4B-00C04F79EFBC}") = "Apple", "Apple\Apple.csproj", "{8CB768D5-2463-4D03-A25B-9DEC5D3B1DFA}"
EndProject
Global
	GlobalSection(SolutionConfigurationPlatforms) = preSolution
		Debug|Any CPU = Debug|Any CPU
		Release|Any CPU = Release|Any CPU
	EndGlobalSection
	GlobalSection(ProjectConfigurationPlatforms) = postSolution
		{8CB768D5-2463-4D03-A25B-9DEC5D3B1DFA}.Debug|Any CPU.ActiveCfg = Debug|Any CPU
		{8CB768D5-2463-4D03-A25B-9DEC5D3B1DFA}.Debug|Any CPU.Build.0 = Debug|Any CPU
		{8CB768D5-2463-4D03-A25B-9DEC5D3B1DFA}.Release|Any CPU.ActiveCfg = Release|Any CPU
		{8CB768D5-2463-4D03-A25B-9DEC5D3B1DFA}.Release|Any CPU.Build.0 = Release|Any CPU
	EndGlobalSection
	GlobalSection(SolutionProperties) = preSolution
		HideSolutionNode = FALSE
	EndGlobalSection
EndGlobal
